// !$*UTF8*$!
{
	archiveVersion = 1;
	classes = {
	};
	objectVersion = 46;
	objects = {

/* Begin PBXBuildFile section */
		17A97E9518EACA1B0075ABB3 /* Foundation.framework in Frameworks */ = {isa = PBXBuildFile; fileRef = 17A97E9418EACA1B0075ABB3 /* Foundation.framework */; };
		17A97E9718EACA1B0075ABB3 /* CoreGraphics.framework in Frameworks */ = {isa = PBXBuildFile; fileRef = 17A97E9618EACA1B0075ABB3 /* CoreGraphics.framework */; };
		17A97E9918EACA1B0075ABB3 /* UIKit.framework in Frameworks */ = {isa = PBXBuildFile; fileRef = 17A97E9818EACA1B0075ABB3 /* UIKit.framework */; };
		17A97E9F18EACA1B0075ABB3 /* InfoPlist.strings in Resources */ = {isa = PBXBuildFile; fileRef = 17A97E9D18EACA1B0075ABB3 /* InfoPlist.strings */; };
		17A97EA118EACA1B0075ABB3 /* main.m in Sources */ = {isa = PBXBuildFile; fileRef = 17A97EA018EACA1B0075ABB3 /* main.m */; };
		17A97EA518EACA1B0075ABB3 /* AppDelegate.m in Sources */ = {isa = PBXBuildFile; fileRef = 17A97EA418EACA1B0075ABB3 /* AppDelegate.m */; };
		17A97EA818EACA1B0075ABB3 /* Main_iPhone.storyboard in Resources */ = {isa = PBXBuildFile; fileRef = 17A97EA618EACA1B0075ABB3 /* Main_iPhone.storyboard */; };
		17A97EAB18EACA1B0075ABB3 /* Main_iPad.storyboard in Resources */ = {isa = PBXBuildFile; fileRef = 17A97EA918EACA1B0075ABB3 /* Main_iPad.storyboard */; };
		17A97EAE18EACA1B0075ABB3 /* ViewController.m in Sources */ = {isa = PBXBuildFile; fileRef = 17A97EAD18EACA1B0075ABB3 /* ViewController.m */; };
		17A97EB018EACA1B0075ABB3 /* Images.xcassets in Resources */ = {isa = PBXBuildFile; fileRef = 17A97EAF18EACA1B0075ABB3 /* Images.xcassets */; };
		17A97EB718EACA1B0075ABB3 /* XCTest.framework in Frameworks */ = {isa = PBXBuildFile; fileRef = 17A97EB618EACA1B0075ABB3 /* XCTest.framework */; };
		17A97EB818EACA1B0075ABB3 /* Foundation.framework in Frameworks */ = {isa = PBXBuildFile; fileRef = 17A97E9418EACA1B0075ABB3 /* Foundation.framework */; };
		17A97EB918EACA1B0075ABB3 /* UIKit.framework in Frameworks */ = {isa = PBXBuildFile; fileRef = 17A97E9818EACA1B0075ABB3 /* UIKit.framework */; };
		17A97EC118EACA1B0075ABB3 /* InfoPlist.strings in Resources */ = {isa = PBXBuildFile; fileRef = 17A97EBF18EACA1B0075ABB3 /* InfoPlist.strings */; };
		17A97EC318EACA1B0075ABB3 /* File_read_delete_writeTests.m in Sources */ = {isa = PBXBuildFile; fileRef = 17A97EC218EACA1B0075ABB3 /* File_read_delete_writeTests.m */; };
/* End PBXBuildFile section */

/* Begin PBXContainerItemProxy section */
		17A97EBA18EACA1B0075ABB3 /* PBXContainerItemProxy */ = {
			isa = PBXContainerItemProxy;
			containerPortal = 17A97E8918EACA1B0075ABB3 /* Project object */;
			proxyType = 1;
			remoteGlobalIDString = 17A97E9018EACA1B0075ABB3;
			remoteInfo = File_read_delete_write;
		};
/* End PBXContainerItemProxy section */

/* Begin PBXFileReference section */
		17A97E9118EACA1B0075ABB3 /* File_read_delete_write.app */ = {isa = PBXFileReference; explicitFileType = wrapper.application; includeInIndex = 0; path = File_read_delete_write.app; sourceTree = BUILT_PRODUCTS_DIR; };
		17A97E9418EACA1B0075ABB3 /* Foundation.framework */ = {isa = PBXFileReference; lastKnownFileType = wrapper.framework; name = Foundation.framework; path = System/Library/Frameworks/Foundation.framework; sourceTree = SDKROOT; };
		17A97E9618EACA1B0075ABB3 /* CoreGraphics.framework */ = {isa = PBXFileReference; lastKnownFileType = wrapper.framework; name = CoreGraphics.framework; path = System/Library/Frameworks/CoreGraphics.framework; sourceTree = SDKROOT; };
		17A97E9818EACA1B0075ABB3 /* UIKit.framework */ = {isa = PBXFileReference; lastKnownFileType = wrapper.framework; name = UIKit.framework; path = System/Library/Frameworks/UIKit.framework; sourceTree = SDKROOT; };
		17A97E9C18EACA1B0075ABB3 /* File_read_delete_write-Info.plist */ = {isa = PBXFileReference; lastKnownFileType = text.plist.xml; path = "File_read_delete_write-Info.plist"; sourceTree = "<group>"; };
		17A97E9E18EACA1B0075ABB3 /* en */ = {isa = PBXFileReference; lastKnownFileType = text.plist.strings; name = en; path = en.lproj/InfoPlist.strings; sourceTree = "<group>"; };
		17A97EA018EACA1B0075ABB3 /* main.m */ = {isa = PBXFileReference; lastKnownFileType = sourcecode.c.objc; path = main.m; sourceTree = "<group>"; };
		17A97EA218EACA1B0075ABB3 /* File_read_delete_write-Prefix.pch */ = {isa = PBXFileReference; lastKnownFileType = sourcecode.c.h; path = "File_read_delete_write-Prefix.pch"; sourceTree = "<group>"; };
		17A97EA318EACA1B0075ABB3 /* AppDelegate.h */ = {isa = PBXFileReference; lastKnownFileType = sourcecode.c.h; path = AppDelegate.h; sourceTree = "<group>"; };
		17A97EA418EACA1B0075ABB3 /* AppDelegate.m */ = {isa = PBXFileReference; lastKnownFileType = sourcecode.c.objc; path = AppDelegate.m; sourceTree = "<group>"; };
		17A97EA718EACA1B0075ABB3 /* Base */ = {isa = PBXFileReference; lastKnownFileType = file.storyboard; name = Base; path = Base.lproj/Main_iPhone.storyboard; sourceTree = "<group>"; };
		17A97EAA18EACA1B0075ABB3 /* Base */ = {isa = PBXFileReference; lastKnownFileType = file.storyboard; name = Base; path = Base.lproj/Main_iPad.storyboard; sourceTree = "<group>"; };
		17A97EAC18EACA1B0075ABB3 /* ViewController.h */ = {isa = PBXFileReference; lastKnownFileType = sourcecode.c.h; path = ViewController.h; sourceTree = "<group>"; };
		17A97EAD18EACA1B0075ABB3 /* ViewController.m */ = {isa = PBXFileReference; lastKnownFileType = sourcecode.c.objc; path = ViewController.m; sourceTree = "<group>"; };
		17A97EAF18EACA1B0075ABB3 /* Images.xcassets */ = {isa = PBXFileReference; lastKnownFileType = folder.assetcatalog; path = Images.xcassets; sourceTree = "<group>"; };
		17A97EB518EACA1B0075ABB3 /* File_read_delete_writeTests.xctest */ = {isa = PBXFileReference; explicitFileType = wrapper.cfbundle; includeInIndex = 0; path = File_read_delete_writeTests.xctest; sourceTree = BUILT_PRODUCTS_DIR; };
		17A97EB618EACA1B0075ABB3 /* XCTest.framework */ = {isa = PBXFileReference; lastKnownFileType = wrapper.framework; name = XCTest.framework; path = Library/Frameworks/XCTest.framework; sourceTree = DEVELOPER_DIR; };
		17A97EBE18EACA1B0075ABB3 /* File_read_delete_writeTests-Info.plist */ = {isa = PBXFileReference; lastKnownFileType = text.plist.xml; path = "File_read_delete_writeTests-Info.plist"; sourceTree = "<group>"; };
		17A97EC018EACA1B0075ABB3 /* en */ = {isa = PBXFileReference; lastKnownFileType = text.plist.strings; name = en; path = en.lproj/InfoPlist.strings; sourceTree = "<group>"; };
		17A97EC218EACA1B0075ABB3 /* File_read_delete_writeTests.m */ = {isa = PBXFileReference; lastKnownFileType = sourcecode.c.objc; path = File_read_delete_writeTests.m; sourceTree = "<group>"; };
/* End PBXFileReference section */

/* Begin PBXFrameworksBuildPhase section */
		17A97E8E18EACA1B0075ABB3 /* Frameworks */ = {
			isa = PBXFrameworksBuildPhase;
			buildActionMask = 2147483647;
			files = (
				17A97E9718EACA1B0075ABB3 /* CoreGraphics.framework in Frameworks */,
				17A97E9918EACA1B0075ABB3 /* UIKit.framework in Frameworks */,
				17A97E9518EACA1B0075ABB3 /* Foundation.framework in Frameworks */,
			);
			runOnlyForDeploymentPostprocessing = 0;
		};
		17A97EB218EACA1B0075ABB3 /* Frameworks */ = {
			isa = PBXFrameworksBuildPhase;
			buildActionMask = 2147483647;
			files = (
				17A97EB718EACA1B0075ABB3 /* XCTest.framework in Frameworks */,
				17A97EB918EACA1B0075ABB3 /* UIKit.framework in Frameworks */,
				17A97EB818EACA1B0075ABB3 /* Foundation.framework in Frameworks */,
			);
			runOnlyForDeploymentPostprocessing = 0;
		};
/* End PBXFrameworksBuildPhase section */

/* Begin PBXGroup section */
		17A97E8818EACA1B0075ABB3 = {
			isa = PBXGroup;
			children = (
				17A97E9A18EACA1B0075ABB3 /* File_read_delete_write */,
				17A97EBC18EACA1B0075ABB3 /* File_read_delete_writeTests */,
				17A97E9318EACA1B0075ABB3 /* Frameworks */,
				17A97E9218EACA1B0075ABB3 /* Products */,
			);
			sourceTree = "<group>";
		};
		17A97E9218EACA1B0075ABB3 /* Products */ = {
			isa = PBXGroup;
			children = (
				17A97E9118EACA1B0075ABB3 /* File_read_delete_write.app */,
				17A97EB518EACA1B0075ABB3 /* File_read_delete_writeTests.xctest */,
			);
			name = Products;
			sourceTree = "<group>";
		};
		17A97E9318EACA1B0075ABB3 /* Frameworks */ = {
			isa = PBXGroup;
			children = (
				17A97E9418EACA1B0075ABB3 /* Foundation.framework */,
				17A97E9618EACA1B0075ABB3 /* CoreGraphics.framework */,
				17A97E9818EACA1B0075ABB3 /* UIKit.framework */,
				17A97EB618EACA1B0075ABB3 /* XCTest.framework */,
			);
			name = Frameworks;
			sourceTree = "<group>";
		};
		17A97E9A18EACA1B0075ABB3 /* File_read_delete_write */ = {
			isa = PBXGroup;
			children = (
				17A97EA318EACA1B0075ABB3 /* AppDelegate.h */,
				17A97EA418EACA1B0075ABB3 /* AppDelegate.m */,
				17A97EA618EACA1B0075ABB3 /* Main_iPhone.storyboard */,
				17A97EA918EACA1B0075ABB3 /* Main_iPad.storyboard */,
				17A97EAC18EACA1B0075ABB3 /* ViewController.h */,
				17A97EAD18EACA1B0075ABB3 /* ViewController.m */,
				17A97EAF18EACA1B0075ABB3 /* Images.xcassets */,
				17A97E9B18EACA1B0075ABB3 /* Supporting Files */,
			);
			path = File_read_delete_write;
			sourceTree = "<group>";
		};
		17A97E9B18EACA1B0075ABB3 /* Supporting Files */ = {
			isa = PBXGroup;
			children = (
				17A97E9C18EACA1B0075ABB3 /* File_read_delete_write-Info.plist */,
				17A97E9D18EACA1B0075ABB3 /* InfoPlist.strings */,
				17A97EA018EACA1B0075ABB3 /* main.m */,
				17A97EA218EACA1B0075ABB3 /* File_read_delete_write-Prefix.pch */,
			);
			name = "Supporting Files";
			sourceTree = "<group>";
		};
		17A97EBC18EACA1B0075ABB3 /* File_read_delete_writeTests */ = {
			isa = PBXGroup;
			children = (
				17A97EC218EACA1B0075ABB3 /* File_read_delete_writeTests.m */,
				17A97EBD18EACA1B0075ABB3 /* Supporting Files */,
			);
			path = File_read_delete_writeTests;
			sourceTree = "<group>";
		};
		17A97EBD18EACA1B0075ABB3 /* Supporting Files */ = {
			isa = PBXGroup;
			children = (
				17A97EBE18EACA1B0075ABB3 /* File_read_delete_writeTests-Info.plist */,
				17A97EBF18EACA1B0075ABB3 /* InfoPlist.strings */,
			);
			name = "Supporting Files";
			sourceTree = "<group>";
		};
/* End PBXGroup section */

/* Begin PBXNativeTarget section */
		17A97E9018EACA1B0075ABB3 /* File_read_delete_write */ = {
			isa = PBXNativeTarget;
			buildConfigurationList = 17A97EC618EACA1B0075ABB3 /* Build configuration list for PBXNativeTarget "File_read_delete_write" */;
			buildPhases = (
				17A97E8D18EACA1B0075ABB3 /* Sources */,
				17A97E8E18EACA1B0075ABB3 /* Frameworks */,
				17A97E8F18EACA1B0075ABB3 /* Resources */,
			);
			buildRules = (
			);
			dependencies = (
			);
			name = File_read_delete_write;
			productName = File_read_delete_write;
			productReference = 17A97E9118EACA1B0075ABB3 /* File_read_delete_write.app */;
			productType = "com.apple.product-type.application";
		};
		17A97EB418EACA1B0075ABB3 /* File_read_delete_writeTests */ = {
			isa = PBXNativeTarget;
			buildConfigurationList = 17A97EC918EACA1B0075ABB3 /* Build configuration list for PBXNativeTarget "File_read_delete_writeTests" */;
			buildPhases = (
				17A97EB118EACA1B0075ABB3 /* Sources */,
				17A97EB218EACA1B0075ABB3 /* Frameworks */,
				17A97EB318EACA1B0075ABB3 /* Resources */,
			);
			buildRules = (
			);
			dependencies = (
				17A97EBB18EACA1B0075ABB3 /* PBXTargetDependency */,
			);
			name = File_read_delete_writeTests;
			productName = File_read_delete_writeTests;
			productReference = 17A97EB518EACA1B0075ABB3 /* File_read_delete_writeTests.xctest */;
			productType = "com.apple.product-type.bundle.unit-test";
		};
/* End PBXNativeTarget section */

/* Begin PBXProject section */
		17A97E8918EACA1B0075ABB3 /* Project object */ = {
			isa = PBXProject;
			attributes = {
				LastUpgradeCheck = 0510;
				ORGANIZATIONNAME = spliang;
				TargetAttributes = {
					17A97EB418EACA1B0075ABB3 = {
						TestTargetID = 17A97E9018EACA1B0075ABB3;
					};
				};
			};
			buildConfigurationList = 17A97E8C18EACA1B0075ABB3 /* Build configuration list for PBXProject "File_read_delete_write" */;
			compatibilityVersion = "Xcode 3.2";
			developmentRegion = English;
			hasScannedForEncodings = 0;
			knownRegions = (
				en,
				Base,
			);
			mainGroup = 17A97E8818EACA1B0075ABB3;
			productRefGroup = 17A97E9218EACA1B0075ABB3 /* Products */;
			projectDirPath = "";
			projectRoot = "";
			targets = (
				17A97E9018EACA1B0075ABB3 /* File_read_delete_write */,
				17A97EB418EACA1B0075ABB3 /* File_read_delete_writeTests */,
			);
		};
/* End PBXProject section */

/* Begin PBXResourcesBuildPhase section */
		17A97E8F18EACA1B0075ABB3 /* Resources */ = {
			isa = PBXResourcesBuildPhase;
			buildActionMask = 2147483647;
			files = (
				17A97EAB18EACA1B0075ABB3 /* Main_iPad.storyboard in Resources */,
				17A97EB018EACA1B0075ABB3 /* Images.xcassets in Resources */,
				17A97EA818EACA1B0075ABB3 /* Main_iPhone.storyboard in Resources */,
				17A97E9F18EACA1B0075ABB3 /* InfoPlist.strings in Resources */,
			);
			runOnlyForDeploymentPostprocessing = 0;
		};
		17A97EB318EACA1B0075ABB3 /* Resources */ = {
			isa = PBXResourcesBuildPhase;
			buildActionMask = 2147483647;
			files = (
				17A97EC118EACA1B0075ABB3 /* InfoPlist.strings in Resources */,
			);
			runOnlyForDeploymentPostprocessing = 0;
		};
/* End PBXResourcesBuildPhase section */

/* Begin PBXSourcesBuildPhase section */
		17A97E8D18EACA1B0075ABB3 /* Sources */ = {
			isa = PBXSourcesBuildPhase;
			buildActionMask = 2147483647;
			files = (
				17A97EAE18EACA1B0075ABB3 /* ViewController.m in Sources */,
				17A97EA518EACA1B0075ABB3 /* AppDelegate.m in Sources */,
				17A97EA118EACA1B0075ABB3 /* main.m in Sources */,
			);
			runOnlyForDeploymentPostprocessing = 0;
		};
		17A97EB118EACA1B0075ABB3 /* Sources */ = {
			isa = PBXSourcesBuildPhase;
			buildActionMask = 2147483647;
			files = (
				17A97EC318EACA1B0075ABB3 /* File_read_delete_writeTests.m in Sources */,
			);
			runOnlyForDeploymentPostprocessing = 0;
		};
/* End PBXSourcesBuildPhase section */

/* Begin PBXTargetDependency section */
		17A97EBB18EACA1B0075ABB3 /* PBXTargetDependency */ = {
			isa = PBXTargetDependency;
			target = 17A97E9018EACA1B0075ABB3 /* File_read_delete_write */;
			targetProxy = 17A97EBA18EACA1B0075ABB3 /* PBXContainerItemProxy */;
		};
/* End PBXTargetDependency section */

/* Begin PBXVariantGroup section */
		17A97E9D18EACA1B0075ABB3 /* InfoPlist.strings */ = {
			isa = PBXVariantGroup;
			children = (
				17A97E9E18EACA1B0075ABB3 /* en */,
			);
			name = InfoPlist.strings;
			sourceTree = "<group>";
		};
		17A97EA618EACA1B0075ABB3 /* Main_iPhone.storyboard */ = {
			isa = PBXVariantGroup;
			children = (
				17A97EA718EACA1B0075ABB3 /* Base */,
			);
			name = Main_iPhone.storyboard;
			sourceTree = "<group>";
		};
		17A97EA918EACA1B0075ABB3 /* Main_iPad.storyboard */ = {
			isa = PBXVariantGroup;
			children = (
				17A97EAA18EACA1B0075ABB3 /* Base */,
			);
			name = Main_iPad.storyboard;
			sourceTree = "<group>";
		};
		17A97EBF18EACA1B0075ABB3 /* InfoPlist.strings */ = {
			isa = PBXVariantGroup;
			children = (
				17A97EC018EACA1B0075ABB3 /* en */,
			);
			name = InfoPlist.strings;
			sourceTree = "<group>";
		};
/* End PBXVariantGroup section */

/* Begin XCBuildConfiguration section */
		17A97EC418EACA1B0075ABB3 /* Debug */ = {
			isa = XCBuildConfiguration;
			buildSettings = {
				ALWAYS_SEARCH_USER_PATHS = NO;
				CLANG_CXX_LANGUAGE_STANDARD = "gnu++0x";
				CLANG_CXX_LIBRARY = "libc++";
				CLANG_ENABLE_MODULES = YES;
				CLANG_ENABLE_OBJC_ARC = YES;
				CLANG_WARN_BOOL_CONVERSION = YES;
				CLANG_WARN_CONSTANT_CONVERSION = YES;
				CLANG_WARN_DIRECT_OBJC_ISA_USAGE = YES_ERROR;
				CLANG_WARN_EMPTY_BODY = YES;
				CLANG_WARN_ENUM_CONVERSION = YES;
				CLANG_WARN_INT_CONVERSION = YES;
				CLANG_WARN_OBJC_ROOT_CLASS = YES_ERROR;
				CLANG_WARN__DUPLICATE_METHOD_MATCH = YES;
				"CODE_SIGN_IDENTITY[sdk=iphoneos*]" = "iPhone Developer";
				COPY_PHASE_STRIP = NO;
				GCC_C_LANGUAGE_STANDARD = gnu99;
				GCC_DYNAMIC_NO_PIC = NO;
				GCC_OPTIMIZATION_LEVEL = 0;
				GCC_PREPROCESSOR_DEFINITIONS = (
					"DEBUG=1",
					"$(inherited)",
				);
				GCC_SYMBOLS_PRIVATE_EXTERN = NO;
				GCC_WARN_64_TO_32_BIT_CONVERSION = YES;
				GCC_WARN_ABOUT_RETURN_TYPE = YES_ERROR;
				GCC_WARN_UNDECLARED_SELECTOR = YES;
				GCC_WARN_UNINITIALIZED_AUTOS = YES_AGGRESSIVE;
				GCC_WARN_UNUSED_FUNCTION = YES;
				GCC_WARN_UNUSED_VARIABLE = YES;
				IPHONEOS_DEPLOYMENT_TARGET = 7.1;
				ONLY_ACTIVE_ARCH = YES;
				SDKROOT = iphoneos;
				TARGETED_DEVICE_FAMILY = "1,2";
			};
			name = Debug;
		};
		17A97EC518EACA1B0075ABB3 /* Release */ = {
			isa = XCBuildConfiguration;
			buildSettings = {
				ALWAYS_SEARCH_USER_PATHS = NO;
				CLANG_CXX_LANGUAGE_STANDARD = "gnu++0x";
				CLANG_CXX_LIBRARY = "libc++";
				CLANG_ENABLE_MODULES = YES;
				CLANG_ENABLE_OBJC_ARC = YES;
				CLANG_WARN_BOOL_CONVERSION = YES;
				CLANG_WARN_CONSTANT_CONVERSION = YES;
				CLANG_WARN_DIRECT_OBJC_ISA_USAGE = YES_ERROR;
				CLANG_WARN_EMPTY_BODY = YES;
				CLANG_WARN_ENUM_CONVERSION = YES;
				CLANG_WARN_INT_CONVERSION = YES;
				CLANG_WARN_OBJC_ROOT_CLASS = YES_ERROR;
				CLANG_WARN__DUPLICATE_METHOD_MATCH = YES;
				"CODE_SIGN_IDENTITY[sdk=iphoneos*]" = "iPhone Developer";
				COPY_PHASE_STRIP = YES;
				ENABLE_NS_ASSERTIONS = NO;
				GCC_C_LANGUAGE_STANDARD = gnu99;
				GCC_WARN_64_TO_32_BIT_CONVERSION = YES;
				GCC_WARN_ABOUT_RETURN_TYPE = YES_ERROR;
				GCC_WARN_UNDECLARED_SELECTOR = YES;
				GCC_WARN_UNINITIALIZED_AUTOS = YES_AGGRESSIVE;
				GCC_WARN_UNUSED_FUNCTION = YES;
				GCC_WARN_UNUSED_VARIABLE = YES;
				IPHONEOS_DEPLOYMENT_TARGET = 7.1;
				SDKROOT = iphoneos;
				TARGETED_DEVICE_FAMILY = "1,2";
				VALIDATE_PRODUCT = YES;
			};
			name = Release;
		};
		17A97EC718EACA1B0075ABB3 /* Debug */ = {
			isa = XCBuildConfiguration;
			buildSettings = {
				ASSETCATALOG_COMPILER_APPICON_NAME = AppIcon;
				ASSETCATALOG_COMPILER_LAUNCHIMAGE_NAME = LaunchImage;
				GCC_PRECOMPILE_PREFIX_HEADER = YES;
				GCC_PREFIX_HEADER = "File_read_delete_write/File_read_delete_write-Prefix.pch";
				INFOPLIST_FILE = "File_read_delete_write/File_read_delete_write-Info.plist";
				PRODUCT_NAME = "$(TARGET_NAME)";
				WRAPPER_EXTENSION = app;
			};
			name = Debug;
		};
		17A97EC818EACA1B0075ABB3 /* Release */ = {
			isa = XCBuildConfiguration;
			buildSettings = {
				ASSETCATALOG_COMPILER_APPICON_NAME = AppIcon;
				ASSETCATALOG_COMPILER_LAUNCHIMAGE_NAME = LaunchImage;
				GCC_PRECOMPILE_PREFIX_HEADER = YES;
				GCC_PREFIX_HEADER = "File_read_delete_write/File_read_delete_write-Prefix.pch";
				INFOPLIST_FILE = "File_read_delete_write/File_read_delete_write-Info.plist";
				PRODUCT_NAME = "$(TARGET_NAME)";
				WRAPPER_EXTENSION = app;
			};
			name = Release;
		};
		17A97ECA18EACA1B0075ABB3 /* Debug */ = {
			isa = XCBuildConfiguration;
			buildSettings = {
				BUNDLE_LOADER = "$(BUILT_PRODUCTS_DIR)/File_read_delete_write.app/File_read_delete_write";
				FRAMEWORK_SEARCH_PATHS = (
					"$(SDKROOT)/Developer/Library/Frameworks",
					"$(inherited)",
					"$(DEVELOPER_FRAMEWORKS_DIR)",
				);
				GCC_PRECOMPILE_PREFIX_HEADER = YES;
				GCC_PREFIX_HEADER = "File_read_delete_write/File_read_delete_write-Prefix.pch";
				GCC_PREPROCESSOR_DEFINITIONS = (
					"DEBUG=1",
					"$(inherited)",
				);
				INFOPLIST_FILE = "File_read_delete_writeTests/File_read_delete_writeTests-Info.plist";
				PRODUCT_NAME = "$(TARGET_NAME)";
				TEST_HOST = "$(BUNDLE_LOADER)";
				WRAPPER_EXTENSION = xctest;
			};
			name = Debug;
		};
		17A97ECB18EACA1B0075ABB3 /* Release */ = {
			isa = XCBuildConfiguration;
			buildSettings = {
				BUNDLE_LOADER = "$(BUILT_PRODUCTS_DIR)/File_read_delete_write.app/File_read_delete_write";
				FRAMEWORK_SEARCH_PATHS = (
					"$(SDKROOT)/Developer/Library/Frameworks",
					"$(inherited)",
					"$(DEVELOPER_FRAMEWORKS_DIR)",
				);
				GCC_PRECOMPILE_PREFIX_HEADER = YES;
				GCC_PREFIX_HEADER = "File_read_delete_write/File_read_delete_write-Prefix.pch";
				INFOPLIST_FILE = "File_read_delete_writeTests/File_read_delete_writeTests-Info.plist";
				PRODUCT_NAME = "$(TARGET_NAME)";
				TEST_HOST = "$(BUNDLE_LOADER)";
				WRAPPER_EXTENSION = xctest;
			};
			name = Release;
		};
/* End XCBuildConfiguration section */

/* Begin XCConfigurationList section */
		17A97E8C18EACA1B0075ABB3 /* Build configuration list for PBXProject "File_read_delete_write" */ = {
			isa = XCConfigurationList;
			buildConfigurations = (
				17A97EC418EACA1B0075ABB3 /* Debug */,
				17A97EC518EACA1B0075ABB3 /* Release */,
			);
			defaultConfigurationIsVisible = 0;
			defaultConfigurationName = Release;
		};
		17A97EC618EACA1B0075ABB3 /* Build configuration list for PBXNativeTarget "File_read_delete_write" */ = {
			isa = XCConfigurationList;
			buildConfigurations = (
				17A97EC718EACA1B0075ABB3 /* Debug */,
				17A97EC818EACA1B0075ABB3 /* Release */,
			);
			defaultConfigurationIsVisible = 0;
		};
		17A97EC918EACA1B0075ABB3 /* Build configuration list for PBXNativeTarget "File_read_delete_writeTests" */ = {
			isa = XCConfigurationList;
			buildConfigurations = (
				17A97ECA18EACA1B0075ABB3 /* Debug */,
				17A97ECB18EACA1B0075ABB3 /* Release */,
			);
			defaultConfigurationIsVisible = 0;
		};
/* End XCConfigurationList section */
	};
	rootObject = 17A97E8918EACA1B0075ABB3 /* Project object */;
}
